// !$*UTF8*$!
{
	archiveVersion = 1;
	classes = {
	};
	objectVersion = 50;
	objects = {

/* Begin PBXBuildFile section */
		DB109919220CB94B00561A42 /* Music.cpp in Sources */ = {isa = PBXBuildFile; fileRef = DB109918220CB94B00561A42 /* Music.cpp */; };
		DB6774452214AEA100110EF9 /* LinearTester.cpp in Sources */ = {isa = PBXBuildFile; fileRef = DB6774432214AEA100110EF9 /* LinearTester.cpp */; };
		DBC19D1621FF8BE400FA8D90 /* Controller.cpp in Sources */ = {isa = PBXBuildFile; fileRef = DBC19D1421FF8BE400FA8D90 /* Controller.cpp */; };
		DBC19D1821FF8BF000FA8D90 /* Runner.cpp in Sources */ = {isa = PBXBuildFile; fileRef = DBC19D1721FF8BF000FA8D90 /* Runner.cpp */; };
		DBD4FEC6220A160600FDB228 /* Timer.cpp in Sources */ = {isa = PBXBuildFile; fileRef = DBD4FEC4220A160600FDB228 /* Timer.cpp */; };
		DBD4FEC9220A19B700FDB228 /* FileController.cpp in Sources */ = {isa = PBXBuildFile; fileRef = DBD4FEC7220A19B700FDB228 /* FileController.cpp */; };
		DBD4FECD220A206700FDB228 /* CrimeData.cpp in Sources */ = {isa = PBXBuildFile; fileRef = DBD4FECC220A206700FDB228 /* CrimeData.cpp */; };
/* End PBXBuildFile section */

/* Begin PBXCopyFilesBuildPhase section */
		DBC19D0421FF8B1B00FA8D90 /* CopyFiles */ = {
			isa = PBXCopyFilesBuildPhase;
			buildActionMask = 2147483647;
			dstPath = /usr/share/man/man1/;
			dstSubfolderSpec = 0;
			files = (
			);
			runOnlyForDeploymentPostprocessing = 1;
		};
/* End PBXCopyFilesBuildPhase section */

/* Begin PBXFileReference section */
		DB109917220CB94400561A42 /* Music.hpp */ = {isa = PBXFileReference; lastKnownFileType = sourcecode.cpp.h; path = Music.hpp; sourceTree = "<group>"; };
		DB109918220CB94B00561A42 /* Music.cpp */ = {isa = PBXFileReference; fileEncoding = 4; lastKnownFileType = sourcecode.cpp.cpp; path = Music.cpp; sourceTree = "<group>"; };
		DB10991A220CC6C400561A42 /* LinkedList.hpp */ = {isa = PBXFileReference; lastKnownFileType = sourcecode.cpp.h; path = LinkedList.hpp; sourceTree = "<group>"; };
		DB2EEC0B2208BC75001D9CDA /* List.hpp */ = {isa = PBXFileReference; lastKnownFileType = sourcecode.cpp.h; path = List.hpp; sourceTree = "<group>"; };
		DB58483D221200BF00444040 /* music.csv */ = {isa = PBXFileReference; lastKnownFileType = text; path = music.csv; sourceTree = "<group>"; };
		DB58483E2212108200444040 /* Queue.hpp */ = {isa = PBXFileReference; lastKnownFileType = sourcecode.cpp.h; path = Queue.hpp; sourceTree = "<group>"; };
		DB58483F2212189200444040 /* Stack.hpp */ = {isa = PBXFileReference; lastKnownFileType = sourcecode.cpp.h; path = Stack.hpp; sourceTree = "<group>"; };
		DB6774432214AEA100110EF9 /* LinearTester.cpp */ = {isa = PBXFileReference; lastKnownFileType = sourcecode.cpp.cpp; path = LinearTester.cpp; sourceTree = "<group>"; };
		DB6774442214AEA100110EF9 /* LinearTester.hpp */ = {isa = PBXFileReference; lastKnownFileType = sourcecode.cpp.h; path = LinearTester.hpp; sourceTree = "<group>"; };
		DB81CE7B220232DE00FAB87B /* LinearNode.hpp */ = {isa = PBXFileReference; lastKnownFileType = sourcecode.cpp.h; path = LinearNode.hpp; sourceTree = "<group>"; };
		DB81CE7D22023A5700FAB87B /* Array.hpp */ = {isa = PBXFileReference; lastKnownFileType = sourcecode.cpp.h; path = Array.hpp; sourceTree = "<group>"; };
		DBC19D0621FF8B1B00FA8D90 /* CPPStructuresProject */ = {isa = PBXFileReference; explicitFileType = "compiled.mach-o.executable"; includeInIndex = 0; path = CPPStructuresProject; sourceTree = BUILT_PRODUCTS_DIR; };
		DBC19D1421FF8BE400FA8D90 /* Controller.cpp */ = {isa = PBXFileReference; lastKnownFileType = sourcecode.cpp.cpp; path = Controller.cpp; sourceTree = "<group>"; };
		DBC19D1521FF8BE400FA8D90 /* Controller.hpp */ = {isa = PBXFileReference; lastKnownFileType = sourcecode.cpp.h; path = Controller.hpp; sourceTree = "<group>"; };
		DBC19D1721FF8BF000FA8D90 /* Runner.cpp */ = {isa = PBXFileReference; lastKnownFileType = sourcecode.cpp.cpp; path = Runner.cpp; sourceTree = "<group>"; };
		DBC19D1921FF912800FA8D90 /* Node.hpp */ = {isa = PBXFileReference; lastKnownFileType = sourcecode.cpp.h; path = Node.hpp; sourceTree = "<group>"; };
		DBC5D041221F27A000BEBACA /* DoubleNode.h */ = {isa = PBXFileReference; lastKnownFileType = sourcecode.c.h; path = DoubleNode.h; sourceTree = "<group>"; };
		DBD4FEC4220A160600FDB228 /* Timer.cpp */ = {isa = PBXFileReference; lastKnownFileType = sourcecode.cpp.cpp; path = Timer.cpp; sourceTree = "<group>"; };
		DBD4FEC5220A160600FDB228 /* Timer.hpp */ = {isa = PBXFileReference; lastKnownFileType = sourcecode.cpp.h; path = Timer.hpp; sourceTree = "<group>"; };
		DBD4FEC7220A19B700FDB228 /* FileController.cpp */ = {isa = PBXFileReference; lastKnownFileType = sourcecode.cpp.cpp; path = FileController.cpp; sourceTree = "<group>"; };
		DBD4FEC8220A19B700FDB228 /* FileController.hpp */ = {isa = PBXFileReference; lastKnownFileType = sourcecode.cpp.h; path = FileController.hpp; sourceTree = "<group>"; };
		DBD4FECB220A206000FDB228 /* CrimeData.hpp */ = {isa = PBXFileReference; lastKnownFileType = sourcecode.cpp.h; path = CrimeData.hpp; sourceTree = "<group>"; };
		DBD4FECC220A206700FDB228 /* CrimeData.cpp */ = {isa = PBXFileReference; fileEncoding = 4; lastKnownFileType = sourcecode.cpp.cpp; path = CrimeData.cpp; sourceTree = "<group>"; };
		DBD4FED1220A21E300FDB228 /* crime.csv */ = {isa = PBXFileReference; lastKnownFileType = text; path = crime.csv; sourceTree = "<group>"; };
		DBD5D9DE2204D41800A51206 /* Graph.hpp */ = {isa = PBXFileReference; lastKnownFileType = sourcecode.cpp.h; path = Graph.hpp; sourceTree = "<group>"; };
/* End PBXFileReference section */

/* Begin PBXFrameworksBuildPhase section */
		DBC19D0321FF8B1B00FA8D90 /* Frameworks */ = {
			isa = PBXFrameworksBuildPhase;
			buildActionMask = 2147483647;
			files = (
			);
			runOnlyForDeploymentPostprocessing = 0;
		};
/* End PBXFrameworksBuildPhase section */

/* Begin PBXGroup section */
		DB6774422214AE5B00110EF9 /* Testers */ = {
			isa = PBXGroup;
			children = (
				DB6774432214AEA100110EF9 /* LinearTester.cpp */,
				DB6774442214AEA100110EF9 /* LinearTester.hpp */,
			);
			path = Testers;
			sourceTree = "<group>";
		};
		DB81CE79220226A200FAB87B /* Nodes */ = {
			isa = PBXGroup;
			children = (
				DBC19D1921FF912800FA8D90 /* Node.hpp */,
				DB81CE7B220232DE00FAB87B /* LinearNode.hpp */,
				DBC5D041221F27A000BEBACA /* DoubleNode.h */,
			);
			path = Nodes;
			sourceTree = "<group>";
		};
		DB81CE7C22023A1F00FAB87B /* Linear */ = {
			isa = PBXGroup;
			children = (
				DB81CE7D22023A5700FAB87B /* Array.hpp */,
				DB2EEC0B2208BC75001D9CDA /* List.hpp */,
				DB10991A220CC6C400561A42 /* LinkedList.hpp */,
				DB58483E2212108200444040 /* Queue.hpp */,
				DB58483F2212189200444040 /* Stack.hpp */,
			);
			path = Linear;
			sourceTree = "<group>";
		};
		DBC19CFD21FF8B1B00FA8D90 = {
			isa = PBXGroup;
			children = (
				DBC19D0821FF8B1B00FA8D90 /* CPPStructuresProject */,
				DBC19D0721FF8B1B00FA8D90 /* Products */,
			);
			sourceTree = "<group>";
		};
		DBC19D0721FF8B1B00FA8D90 /* Products */ = {
			isa = PBXGroup;
			children = (
				DBC19D0621FF8B1B00FA8D90 /* CPPStructuresProject */,
			);
			name = Products;
			sourceTree = "<group>";
		};
		DBC19D0821FF8B1B00FA8D90 /* CPPStructuresProject */ = {
			isa = PBXGroup;
			children = (
				DB6774422214AE5B00110EF9 /* Testers */,
				DBC19D1021FF8B7C00FA8D90 /* Model */,
				DBC19D1121FF8B8600FA8D90 /* Controller */,
				DBC19D1321FF8B9400FA8D90 /* Diagrams */,
				DBC19D1221FF8B8D00FA8D90 /* Resources */,
			);
			path = CPPStructuresProject;
			sourceTree = "<group>";
		};
		DBC19D1021FF8B7C00FA8D90 /* Model */ = {
			isa = PBXGroup;
			children = (
				DB81CE7C22023A1F00FAB87B /* Linear */,
				DB81CE79220226A200FAB87B /* Nodes */,
				DBD5D9DF2204D8A300A51206 /* NonLinear */,
			);
			path = Model;
			sourceTree = "<group>";
		};
		DBC19D1121FF8B8600FA8D90 /* Controller */ = {
			isa = PBXGroup;
			children = (
				DBD4FEC3220A152400FDB228 /* Tools */,
				DBC19D1721FF8BF000FA8D90 /* Runner.cpp */,
				DBC19D1421FF8BE400FA8D90 /* Controller.cpp */,
				DBC19D1521FF8BE400FA8D90 /* Controller.hpp */,
				DBD4FEC7220A19B700FDB228 /* FileController.cpp */,
				DBD4FEC8220A19B700FDB228 /* FileController.hpp */,
			);
			path = Controller;
			sourceTree = "<group>";
		};
		DBC19D1221FF8B8D00FA8D90 /* Resources */ = {
			isa = PBXGroup;
			children = (
				DB58483D221200BF00444040 /* music.csv */,
				DB109918220CB94B00561A42 /* Music.cpp */,
				DB109917220CB94400561A42 /* Music.hpp */,
				DBD4FED1220A21E300FDB228 /* crime.csv */,
				DBD4FECC220A206700FDB228 /* CrimeData.cpp */,
				DBD4FECB220A206000FDB228 /* CrimeData.hpp */,
			);
			path = Resources;
			sourceTree = "<group>";
		};
		DBC19D1321FF8B9400FA8D90 /* Diagrams */ = {
			isa = PBXGroup;
			children = (
			);
			path = Diagrams;
			sourceTree = "<group>";
		};
		DBD4FEC3220A152400FDB228 /* Tools */ = {
			isa = PBXGroup;
			children = (
				DBD4FEC4220A160600FDB228 /* Timer.cpp */,
				DBD4FEC5220A160600FDB228 /* Timer.hpp */,
			);
			path = Tools;
			sourceTree = "<group>";
		};
		DBD5D9DF2204D8A300A51206 /* NonLinear */ = {
			isa = PBXGroup;
			children = (
				DBD5D9DE2204D41800A51206 /* Graph.hpp */,
			);
			path = NonLinear;
			sourceTree = "<group>";
		};
/* End PBXGroup section */

/* Begin PBXNativeTarget section */
		DBC19D0521FF8B1B00FA8D90 /* CPPStructuresProject */ = {
			isa = PBXNativeTarget;
			buildConfigurationList = DBC19D0D21FF8B1B00FA8D90 /* Build configuration list for PBXNativeTarget "CPPStructuresProject" */;
			buildPhases = (
				DBC19D0221FF8B1B00FA8D90 /* Sources */,
				DBC19D0321FF8B1B00FA8D90 /* Frameworks */,
				DBC19D0421FF8B1B00FA8D90 /* CopyFiles */,
			);
			buildRules = (
			);
			dependencies = (
			);
			name = CPPStructuresProject;
			productName = CPPStructuresProject;
			productReference = DBC19D0621FF8B1B00FA8D90 /* CPPStructuresProject */;
			productType = "com.apple.product-type.tool";
		};
/* End PBXNativeTarget section */

/* Begin PBXProject section */
		DBC19CFE21FF8B1B00FA8D90 /* Project object */ = {
			isa = PBXProject;
			attributes = {
				LastUpgradeCheck = 1000;
				ORGANIZATIONNAME = CTEC;
				TargetAttributes = {
					DBC19D0521FF8B1B00FA8D90 = {
						CreatedOnToolsVersion = 10.0;
					};
				};
			};
			buildConfigurationList = DBC19D0121FF8B1B00FA8D90 /* Build configuration list for PBXProject "CPPStructuresProject" */;
			compatibilityVersion = "Xcode 9.3";
			developmentRegion = en;
			hasScannedForEncodings = 0;
			knownRegions = (
				en,
			);
			mainGroup = DBC19CFD21FF8B1B00FA8D90;
			productRefGroup = DBC19D0721FF8B1B00FA8D90 /* Products */;
			projectDirPath = "";
			projectRoot = "";
			targets = (
				DBC19D0521FF8B1B00FA8D90 /* CPPStructuresProject */,
			);
		};
/* End PBXProject section */

/* Begin PBXSourcesBuildPhase section */
		DBC19D0221FF8B1B00FA8D90 /* Sources */ = {
			isa = PBXSourcesBuildPhase;
			buildActionMask = 2147483647;
			files = (
				DBD4FEC6220A160600FDB228 /* Timer.cpp in Sources */,
				DBD4FECD220A206700FDB228 /* CrimeData.cpp in Sources */,
				DBC19D1621FF8BE400FA8D90 /* Controller.cpp in Sources */,
				DBC19D1821FF8BF000FA8D90 /* Runner.cpp in Sources */,
				DBD4FEC9220A19B700FDB228 /* FileController.cpp in Sources */,
				DB109919220CB94B00561A42 /* Music.cpp in Sources */,
				DB6774452214AEA100110EF9 /* LinearTester.cpp in Sources */,
			);
			runOnlyForDeploymentPostprocessing = 0;
		};
/* End PBXSourcesBuildPhase section */

/* Begin XCBuildConfiguration section */
		DBC19D0B21FF8B1B00FA8D90 /* Debug */ = {
			isa = XCBuildConfiguration;
			buildSettings = {
				ALWAYS_SEARCH_USER_PATHS = NO;
				CLANG_ANALYZER_NONNULL = YES;
				CLANG_ANALYZER_NUMBER_OBJECT_CONVERSION = YES_AGGRESSIVE;
				CLANG_CXX_LANGUAGE_STANDARD = "gnu++14";
				CLANG_CXX_LIBRARY = "libc++";
				CLANG_ENABLE_MODULES = YES;
				CLANG_ENABLE_OBJC_ARC = YES;
				CLANG_ENABLE_OBJC_WEAK = YES;
				CLANG_WARN_BLOCK_CAPTURE_AUTORELEASING = YES;
				CLANG_WARN_BOOL_CONVERSION = YES;
				CLANG_WARN_COMMA = YES;
				CLANG_WARN_CONSTANT_CONVERSION = YES;
				CLANG_WARN_DEPRECATED_OBJC_IMPLEMENTATIONS = YES;
				CLANG_WARN_DIRECT_OBJC_ISA_USAGE = YES_ERROR;
				CLANG_WARN_DOCUMENTATION_COMMENTS = YES;
				CLANG_WARN_EMPTY_BODY = YES;
				CLANG_WARN_ENUM_CONVERSION = YES;
				CLANG_WARN_INFINITE_RECURSION = YES;
				CLANG_WARN_INT_CONVERSION = YES;
				CLANG_WARN_NON_LITERAL_NULL_CONVERSION = YES;
				CLANG_WARN_OBJC_IMPLICIT_RETAIN_SELF = YES;
				CLANG_WARN_OBJC_LITERAL_CONVERSION = YES;
				CLANG_WARN_OBJC_ROOT_CLASS = YES_ERROR;
				CLANG_WARN_RANGE_LOOP_ANALYSIS = YES;
				CLANG_WARN_STRICT_PROTOTYPES = YES;
				CLANG_WARN_SUSPICIOUS_MOVE = YES;
				CLANG_WARN_UNGUARDED_AVAILABILITY = YES_AGGRESSIVE;
				CLANG_WARN_UNREACHABLE_CODE = YES;
				CLANG_WARN__DUPLICATE_METHOD_MATCH = YES;
				CODE_SIGN_IDENTITY = "-";
				COPY_PHASE_STRIP = NO;
				DEBUG_INFORMATION_FORMAT = dwarf;
				ENABLE_STRICT_OBJC_MSGSEND = YES;
				ENABLE_TESTABILITY = YES;
				GCC_C_LANGUAGE_STANDARD = gnu11;
				GCC_DYNAMIC_NO_PIC = NO;
				GCC_NO_COMMON_BLOCKS = YES;
				GCC_OPTIMIZATION_LEVEL = 0;
				GCC_PREPROCESSOR_DEFINITIONS = (
					"DEBUG=1",
					"$(inherited)",
				);
				GCC_WARN_64_TO_32_BIT_CONVERSION = YES;
				GCC_WARN_ABOUT_RETURN_TYPE = YES_ERROR;
				GCC_WARN_UNDECLARED_SELECTOR = YES;
				GCC_WARN_UNINITIALIZED_AUTOS = YES_AGGRESSIVE;
				GCC_WARN_UNUSED_FUNCTION = YES;
				GCC_WARN_UNUSED_VARIABLE = YES;
				MACOSX_DEPLOYMENT_TARGET = 10.13;
				MTL_ENABLE_DEBUG_INFO = INCLUDE_SOURCE;
				MTL_FAST_MATH = YES;
				ONLY_ACTIVE_ARCH = YES;
				SDKROOT = macosx;
			};
			name = Debug;
		};
		DBC19D0C21FF8B1B00FA8D90 /* Release */ = {
			isa = XCBuildConfiguration;
			buildSettings = {
				ALWAYS_SEARCH_USER_PATHS = NO;
				CLANG_ANALYZER_NONNULL = YES;
				CLANG_ANALYZER_NUMBER_OBJECT_CONVERSION = YES_AGGRESSIVE;
				CLANG_CXX_LANGUAGE_STANDARD = "gnu++14";
				CLANG_CXX_LIBRARY = "libc++";
				CLANG_ENABLE_MODULES = YES;
				CLANG_ENABLE_OBJC_ARC = YES;
				CLANG_ENABLE_OBJC_WEAK = YES;
				CLANG_WARN_BLOCK_CAPTURE_AUTORELEASING = YES;
				CLANG_WARN_BOOL_CONVERSION = YES;
				CLANG_WARN_COMMA = YES;
				CLANG_WARN_CONSTANT_CONVERSION = YES;
				CLANG_WARN_DEPRECATED_OBJC_IMPLEMENTATIONS = YES;
				CLANG_WARN_DIRECT_OBJC_ISA_USAGE = YES_ERROR;
				CLANG_WARN_DOCUMENTATION_COMMENTS = YES;
				CLANG_WARN_EMPTY_BODY = YES;
				CLANG_WARN_ENUM_CONVERSION = YES;
				CLANG_WARN_INFINITE_RECURSION = YES;
				CLANG_WARN_INT_CONVERSION = YES;
				CLANG_WARN_NON_LITERAL_NULL_CONVERSION = YES;
				CLANG_WARN_OBJC_IMPLICIT_RETAIN_SELF = YES;
				CLANG_WARN_OBJC_LITERAL_CONVERSION = YES;
				CLANG_WARN_OBJC_ROOT_CLASS = YES_ERROR;
				CLANG_WARN_RANGE_LOOP_ANALYSIS = YES;
				CLANG_WARN_STRICT_PROTOTYPES = YES;
				CLANG_WARN_SUSPICIOUS_MOVE = YES;
				CLANG_WARN_UNGUARDED_AVAILABILITY = YES_AGGRESSIVE;
				CLANG_WARN_UNREACHABLE_CODE = YES;
				CLANG_WARN__DUPLICATE_METHOD_MATCH = YES;
				CODE_SIGN_IDENTITY = "-";
				COPY_PHASE_STRIP = NO;
				DEBUG_INFORMATION_FORMAT = "dwarf-with-dsym";
				ENABLE_NS_ASSERTIONS = NO;
				ENABLE_STRICT_OBJC_MSGSEND = YES;
				GCC_C_LANGUAGE_STANDARD = gnu11;
				GCC_NO_COMMON_BLOCKS = YES;
				GCC_WARN_64_TO_32_BIT_CONVERSION = YES;
				GCC_WARN_ABOUT_RETURN_TYPE = YES_ERROR;
				GCC_WARN_UNDECLARED_SELECTOR = YES;
				GCC_WARN_UNINITIALIZED_AUTOS = YES_AGGRESSIVE;
				GCC_WARN_UNUSED_FUNCTION = YES;
				GCC_WARN_UNUSED_VARIABLE = YES;
				MACOSX_DEPLOYMENT_TARGET = 10.13;
				MTL_ENABLE_DEBUG_INFO = NO;
				MTL_FAST_MATH = YES;
				SDKROOT = macosx;
			};
			name = Release;
		};
		DBC19D0E21FF8B1B00FA8D90 /* Debug */ = {
			isa = XCBuildConfiguration;
			buildSettings = {
				CODE_SIGN_STYLE = Automatic;
				PRODUCT_NAME = "$(TARGET_NAME)";
			};
			name = Debug;
		};
		DBC19D0F21FF8B1B00FA8D90 /* Release */ = {
			isa = XCBuildConfiguration;
			buildSettings = {
				CODE_SIGN_STYLE = Automatic;
				PRODUCT_NAME = "$(TARGET_NAME)";
			};
			name = Release;
		};
/* End XCBuildConfiguration section */

/* Begin XCConfigurationList section */
		DBC19D0121FF8B1B00FA8D90 /* Build configuration list for PBXProject "CPPStructuresProject" */ = {
			isa = XCConfigurationList;
			buildConfigurations = (
				DBC19D0B21FF8B1B00FA8D90 /* Debug */,
				DBC19D0C21FF8B1B00FA8D90 /* Release */,
			);
			defaultConfigurationIsVisible = 0;
			defaultConfigurationName = Release;
		};
		DBC19D0D21FF8B1B00FA8D90 /* Build configuration list for PBXNativeTarget "CPPStructuresProject" */ = {
			isa = XCConfigurationList;
			buildConfigurations = (
				DBC19D0E21FF8B1B00FA8D90 /* Debug */,
				DBC19D0F21FF8B1B00FA8D90 /* Release */,
			);
			defaultConfigurationIsVisible = 0;
			defaultConfigurationName = Release;
		};
/* End XCConfigurationList section */
	};
	rootObject = DBC19CFE21FF8B1B00FA8D90 /* Project object */;
}
